// !$*UTF8*$!
{
	archiveVersion = 1;
	classes = {
	};
	objectVersion = 56;
	objects = {

/* Begin PBXBuildFile section */
		0E76CE0A2FBF3A6C00381EC8 /* StoreKit.storekit in Resources */ = {isa = PBXBuildFile; fileRef = 0E76CE092FBF3A6B00381EC8 /* StoreKit.storekit */; };
		0E76CE122FC00A9800381EC8 /* audio_reflective_1.mp3 in Resources */ = {isa = PBXBuildFile; fileRef = 0E76CE0C2FC00A9700381EC8 /* audio_reflective_1.mp3 */; };
		0E76CE132FC00A9800381EC8 /* audio_happy_1.mp3 in Resources */ = {isa = PBXBuildFile; fileRef = 0E76CE0D2FC00A9700381EC8 /* audio_happy_1.mp3 */; };
		0E76CE142FC00A9800381EC8 /* audio_peaceful_1.mp3 in Resources */ = {isa = PBXBuildFile; fileRef = 0E76CE0E2FC00A9700381EC8 /* audio_peaceful_1.mp3 */; };
		0E76CE152FC00A9800381EC8 /* audio_nostalgic_1.mp3 in Resources */ = {isa = PBXBuildFile; fileRef = 0E76CE0F2FC00A9700381EC8 /* audio_nostalgic_1.mp3 */; };
		0E76CE162FC00A9800381EC8 /* audio_proud_1.mp3 in Resources */ = {isa = PBXBuildFile; fileRef = 0E76CE102FC00A9700381EC8 /* audio_proud_1.mp3 */; };
		0E76CE172FC00A9800381EC8 /* audio_sad_1.mp3 in Resources */ = {isa = PBXBuildFile; fileRef = 0E76CE112FC00A9800381EC8 /* audio_sad_1.mp3 */; };
		7A35D23106490BBA85984F55 /* Spectral-SemiBold.ttf in Resources */ = {isa = PBXBuildFile; fileRef = 7F49FC9D92F85925C56398F1 /* Spectral-SemiBold.ttf */; };
		0E79FB1D2FBAD5A5009A6E8E /* Assets.xcassets in Resources */ = {isa = PBXBuildFile; fileRef = 0E79FB1C2FBAD5A5009A6E8E /* Assets.xcassets */; };
		0E79FB202FBAD5A5009A6E8E /* Preview Assets.xcassets in Resources */ = {isa = PBXBuildFile; fileRef = 0E79FB1F2FBAD5A5009A6E8E /* Preview Assets.xcassets */; };
		0E79FB302FBAD8A0009A6E8E /* MemoryInkApp.swift in Sources */ = {isa = PBXBuildFile; fileRef = 0E79FB262FBAD8A0009A6E8E /* MemoryInkApp.swift */; };
		0E79FB312FBAD8A0009A6E8E /* AppRouter.swift in Sources */ = {isa = PBXBuildFile; fileRef = 0E79FB272FBAD8A0009A6E8E /* AppRouter.swift */; };
		0E79FB322FBAD8A0009A6E8E /* TimelineView.swift in Sources */ = {isa = PBXBuildFile; fileRef = 0E79FB282FBAD8A0009A6E8E /* TimelineView.swift */; };
		0E79FB332FBAD8A0009A6E8E /* TimelineViewModel.swift in Sources */ = {isa = PBXBuildFile; fileRef = 0E79FB292FBAD8A0009A6E8E /* TimelineViewModel.swift */; };
		0E79FB342FBAD8A0009A6E8E /* TimelineCard.swift in Sources */ = {isa = PBXBuildFile; fileRef = 0E79FB2A2FBAD8A0009A6E8E /* TimelineCard.swift */; };
		0E79FB352FBAD8A0009A6E8E /* MoodType.swift in Sources */ = {isa = PBXBuildFile; fileRef = 0E79FB2B2FBAD8A0009A6E8E /* MoodType.swift */; };
		0E79FB362FBAD8A0009A6E8E /* NarrativeStyle.swift in Sources */ = {isa = PBXBuildFile; fileRef = 0E79FB2C2FBAD8A0009A6E8E /* NarrativeStyle.swift */; };
		0E79FB372FBAD8A0009A6E8E /* Colors.swift in Sources */ = {isa = PBXBuildFile; fileRef = 0E79FB2D2FBAD8A0009A6E8E /* Colors.swift */; };
		0E79FB382FBAD8A0009A6E8E /* Typography.swift in Sources */ = {isa = PBXBuildFile; fileRef = 0E79FB2E2FBAD8A0009A6E8E /* Typography.swift */; };
		0E79FB392FBAD8A0009A6E8E /* Spacing.swift in Sources */ = {isa = PBXBuildFile; fileRef = 0E79FB2F2FBAD8A0009A6E8E /* Spacing.swift */; };
		0E79FC102FBB0001009A6E8E /* JournalEntry.swift in Sources */ = {isa = PBXBuildFile; fileRef = 0E79FC002FBB0001009A6E8E /* JournalEntry.swift */; };
		0E79FC112FBB0001009A6E8E /* SyncStatus.swift in Sources */ = {isa = PBXBuildFile; fileRef = 0E79FC012FBB0001009A6E8E /* SyncStatus.swift */; };
		0E79FC122FBB0001009A6E8E /* CoreDataStack.swift in Sources */ = {isa = PBXBuildFile; fileRef = 0E79FC022FBB0001009A6E8E /* CoreDataStack.swift */; };
		0E79FC132FBB0001009A6E8E /* JournalEntryObject.swift in Sources */ = {isa = PBXBuildFile; fileRef = 0E79FC032FBB0001009A6E8E /* JournalEntryObject.swift */; };
		0E79FC142FBB0001009A6E8E /* JournalEntryRepository.swift in Sources */ = {isa = PBXBuildFile; fileRef = 0E79FC042FBB0001009A6E8E /* JournalEntryRepository.swift */; };
		0E79FC152FBB0001009A6E8E /* ImagePipelineService.swift in Sources */ = {isa = PBXBuildFile; fileRef = 0E79FC052FBB0001009A6E8E /* ImagePipelineService.swift */; };
		0E79FC172FBB0001009A6E8E /* MemoryCreationView.swift in Sources */ = {isa = PBXBuildFile; fileRef = 0E79FC072FBB0001009A6E8E /* MemoryCreationView.swift */; };
		0E79FC182FBB0001009A6E8E /* MemoryCreationViewModel.swift in Sources */ = {isa = PBXBuildFile; fileRef = 0E79FC082FBB0001009A6E8E /* MemoryCreationViewModel.swift */; };
		0E79FC192FBB0001009A6E8E /* MoodPickerView.swift in Sources */ = {isa = PBXBuildFile; fileRef = 0E79FC092FBB0001009A6E8E /* MoodPickerView.swift */; };
		0E79FD202FBC0001009A6E8E /* AIContracts.swift in Sources */ = {isa = PBXBuildFile; fileRef = 0E79FD002FBC0001009A6E8E /* AIContracts.swift */; };
		0E79FD212FBC0001009A6E8E /* WeeklyRecap.swift in Sources */ = {isa = PBXBuildFile; fileRef = 0E79FD012FBC0001009A6E8E /* WeeklyRecap.swift */; };
		0E79FD222FBC0001009A6E8E /* AIService.swift in Sources */ = {isa = PBXBuildFile; fileRef = 0E79FD022FBC0001009A6E8E /* AIService.swift */; };
		0E79FD232FBC0001009A6E8E /* AIUsageTracker.swift in Sources */ = {isa = PBXBuildFile; fileRef = 0E79FD032FBC0001009A6E8E /* AIUsageTracker.swift */; };
		0E79FD242FBC0001009A6E8E /* NarrativeGenerationService.swift in Sources */ = {isa = PBXBuildFile; fileRef = 0E79FD042FBC0001009A6E8E /* NarrativeGenerationService.swift */; };
		0E79FD252FBC0001009A6E8E /* RecapService.swift in Sources */ = {isa = PBXBuildFile; fileRef = 0E79FD052FBC0001009A6E8E /* RecapService.swift */; };
		0E79FD262FBC0001009A6E8E /* OnThisDayService.swift in Sources */ = {isa = PBXBuildFile; fileRef = 0E79FD062FBC0001009A6E8E /* OnThisDayService.swift */; };
		0E79FD282FBC0001009A6E8E /* RecapView.swift in Sources */ = {isa = PBXBuildFile; fileRef = 0E79FD082FBC0001009A6E8E /* RecapView.swift */; };
		0E79FD2A2FBC0001009A6E8E /* OnThisDayView.swift in Sources */ = {isa = PBXBuildFile; fileRef = 0E79FD0A2FBC0001009A6E8E /* OnThisDayView.swift */; };
		0E79FE202FBD0001009A6E8E /* SubscriptionPlan.swift in Sources */ = {isa = PBXBuildFile; fileRef = 0E79FE002FBD0001009A6E8E /* SubscriptionPlan.swift */; };
		0E79FE212FBD0001009A6E8E /* AuthModels.swift in Sources */ = {isa = PBXBuildFile; fileRef = 0E79FE012FBD0001009A6E8E /* AuthModels.swift */; };
		0E79FE222FBD0001009A6E8E /* SyncModels.swift in Sources */ = {isa = PBXBuildFile; fileRef = 0E79FE022FBD0001009A6E8E /* SyncModels.swift */; };
		0E79FE232FBD0001009A6E8E /* RevenueCatService.swift in Sources */ = {isa = PBXBuildFile; fileRef = 0E79FE032FBD0001009A6E8E /* RevenueCatService.swift */; };
		0E79FE242FBD0001009A6E8E /* SubscriptionManager.swift in Sources */ = {isa = PBXBuildFile; fileRef = 0E79FE042FBD0001009A6E8E /* SubscriptionManager.swift */; };
		0E79FE252FBD0001009A6E8E /* AuthService.swift in Sources */ = {isa = PBXBuildFile; fileRef = 0E79FE052FBD0001009A6E8E /* AuthService.swift */; };
		0E79FE262FBD0001009A6E8E /* SyncService.swift in Sources */ = {isa = PBXBuildFile; fileRef = 0E79FE062FBD0001009A6E8E /* SyncService.swift */; };
		0E79FE272FBD0001009A6E8E /* AnalyticsService.swift in Sources */ = {isa = PBXBuildFile; fileRef = 0E79FE072FBD0001009A6E8E /* AnalyticsService.swift */; };
		0E79FE282FBD0001009A6E8E /* SubscriptionView.swift in Sources */ = {isa = PBXBuildFile; fileRef = 0E79FE082FBD0001009A6E8E /* SubscriptionView.swift */; };
		0E79FE292FBD0001009A6E8E /* SettingsView.swift in Sources */ = {isa = PBXBuildFile; fileRef = 0E79FE092FBD0001009A6E8E /* SettingsView.swift */; };
		0E79FE2A2FBD0001009A6E8E /* OnboardingView.swift in Sources */ = {isa = PBXBuildFile; fileRef = 0E79FE0A2FBD0001009A6E8E /* OnboardingView.swift */; };
		0E79FE2B2FBD0001009A6E8E /* PrivacyScreenView.swift in Sources */ = {isa = PBXBuildFile; fileRef = 0E79FE0B2FBD0001009A6E8E /* PrivacyScreenView.swift */; };
		0E79FE2C2FBD0001009A6E8E /* MoodIntroView.swift in Sources */ = {isa = PBXBuildFile; fileRef = 0E79FE0C2FBD0001009A6E8E /* MoodIntroView.swift */; };
		0E79FF012FBE0001009A6E8E /* RevenueCat in Frameworks */ = {isa = PBXBuildFile; productRef = 0E79FF002FBE0001009A6E8E /* RevenueCat */; };
		0E8000042FC1000000000001 /* MemoryDetailViewModel.swift in Sources */ = {isa = PBXBuildFile; fileRef = 0E8000022FC1000000000001 /* MemoryDetailViewModel.swift */; };
		0E8000052FC1000000000001 /* MemoryDetailView.swift in Sources */ = {isa = PBXBuildFile; fileRef = 0E8000032FC1000000000001 /* MemoryDetailView.swift */; };
		0E8000062FC1000000000001 /* LoadingIndicator.swift in Sources */ = {isa = PBXBuildFile; fileRef = 0E80000A2FC1000000000001 /* LoadingIndicator.swift */; };
		0E8000072FC1000000000001 /* EmptyStateView.swift in Sources */ = {isa = PBXBuildFile; fileRef = 0E80000B2FC1000000000001 /* EmptyStateView.swift */; };
		0E80000D2FC1000000000001 /* ToastView.swift in Sources */ = {isa = PBXBuildFile; fileRef = 0E80000C2FC1000000000001 /* ToastView.swift */; };
		0E8000212FC1000000000001 /* NotificationService.swift in Sources */ = {isa = PBXBuildFile; fileRef = 0E8000202FC1000000000001 /* NotificationService.swift */; };
		0E8000232FC1000000000001 /* MemoryShareRenderer.swift in Sources */ = {isa = PBXBuildFile; fileRef = 0E8000222FC1000000000001 /* MemoryShareRenderer.swift */; };
		0E8000252FC1000000000001 /* MilestoneService.swift in Sources */ = {isa = PBXBuildFile; fileRef = 0E8000242FC1000000000001 /* MilestoneService.swift */; };
		0E8000292FC1000000000001 /* YearlyReviewService.swift in Sources */ = {isa = PBXBuildFile; fileRef = 0E8000272FC1000000000001 /* YearlyReviewService.swift */; };
		0E80002A2FC1000000000001 /* YearlyReviewView.swift in Sources */ = {isa = PBXBuildFile; fileRef = 0E8000282FC1000000000001 /* YearlyReviewView.swift */; };
		0E80002E2FC1000000000001 /* CalendarView.swift in Sources */ = {isa = PBXBuildFile; fileRef = 0E80002C2FC1000000000001 /* CalendarView.swift */; };
		0E80002F2FC1000000000001 /* CalendarViewModel.swift in Sources */ = {isa = PBXBuildFile; fileRef = 0E80002D2FC1000000000001 /* CalendarViewModel.swift */; };
		0E8000312FC1000000000001 /* ShareSheet.swift in Sources */ = {isa = PBXBuildFile; fileRef = 0E8000302FC1000000000001 /* ShareSheet.swift */; };
		0E8000412FC1000000000001 /* CardBrowseView.swift in Sources */ = {isa = PBXBuildFile; fileRef = 0E8000402FC1000000000001 /* CardBrowseView.swift */; };
		0E8000522FC1000000000001 /* MemoryViewerView.swift in Sources */ = {isa = PBXBuildFile; fileRef = 0E8000512FC1000000000001 /* MemoryViewerView.swift */; };
		0E8000622FC1000000000001 /* BackgroundScene.swift in Sources */ = {isa = PBXBuildFile; fileRef = 0E8000612FC1000000000001 /* BackgroundScene.swift */; };
		0E8000722FC1000000000001 /* SlideshowService.swift in Sources */ = {isa = PBXBuildFile; fileRef = 0E8000702FC1000000000001 /* SlideshowService.swift */; };
		0E8000732FC1000000000001 /* SlideshowPickerView.swift in Sources */ = {isa = PBXBuildFile; fileRef = 0E8000712FC1000000000001 /* SlideshowPickerView.swift */; };
		0E8000802FC2000000000001 /* EmotionGraphView.swift in Sources */ = {isa = PBXBuildFile; fileRef = 0E80007F2FC2000000000001 /* EmotionGraphView.swift */; };
		0E8000822FC2000000000001 /* SlideshowStyle.swift in Sources */ = {isa = PBXBuildFile; fileRef = 0E8000812FC2000000000001 /* SlideshowStyle.swift */; };
		0E8000912FC3000000000001 /* CinematicVisualSystem.swift in Sources */ = {isa = PBXBuildFile; fileRef = 0E8000902FC3000000000001 /* CinematicVisualSystem.swift */; };
		0E8000B12FC5000000000011 /* MemoryShareCardSheet.swift in Sources */ = {isa = PBXBuildFile; fileRef = 0E8000B22FC5000000000012 /* MemoryShareCardSheet.swift */; };
		0E8000B32FC5000000000013 /* ExportService.swift in Sources */ = {isa = PBXBuildFile; fileRef = 0E8000B42FC5000000000014 /* ExportService.swift */; };
		57A6DFEA83E994B815177679 /* MemoryInkHeroHeader.swift in Sources */ = {isa = PBXBuildFile; fileRef = D5D43F9E0C0A30F8605ACFFE /* MemoryInkHeroHeader.swift */; };
		301DD76400892AF5AE8F741D /* MemoryInkSwipeGesture.swift in Sources */ = {isa = PBXBuildFile; fileRef = 2EB276F985A2F60DF053363C /* MemoryInkSwipeGesture.swift */; };
		754B4B0665B3CF2231DC4A33 /* MemoryInkHaptics.swift in Sources */ = {isa = PBXBuildFile; fileRef = 0803E8150B1955854F876F83 /* MemoryInkHaptics.swift */; };
		6DEC94F8AAA21194E3583B3F /* MemoryInkMoodDistributionChart.swift in Sources */ = {isa = PBXBuildFile; fileRef = FD2E65BBEE941B9190408F7E /* MemoryInkMoodDistributionChart.swift */; };
		AA0000000000000000000011 /* MemoryInkWidget.swift in Sources */ = {isa = PBXBuildFile; fileRef = AA0000000000000000000010 /* MemoryInkWidget.swift */; };
		AA0000000000000000000013 /* MemoryInkWidgetBundle.swift in Sources */ = {isa = PBXBuildFile; fileRef = AA0000000000000000000012 /* MemoryInkWidgetBundle.swift */; };
		AA0000000000000000000015 /* WidgetSnapshot.swift in Sources */ = {isa = PBXBuildFile; fileRef = AA0000000000000000000014 /* WidgetSnapshot.swift */; };
		AA0000000000000000000016 /* WidgetSnapshot.swift in Sources */ = {isa = PBXBuildFile; fileRef = AA0000000000000000000014 /* WidgetSnapshot.swift */; };
		AA0000000000000000000021 /* AppLockService.swift in Sources */ = {isa = PBXBuildFile; fileRef = AA0000000000000000000020 /* AppLockService.swift */; };
		AA0000000000000000000023 /* AppLockView.swift in Sources */ = {isa = PBXBuildFile; fileRef = AA0000000000000000000022 /* AppLockView.swift */; };
		AA0000000000000000000025 /* WidgetSnapshotService.swift in Sources */ = {isa = PBXBuildFile; fileRef = AA0000000000000000000024 /* WidgetSnapshotService.swift */; };
		AA0000000000000000000019 /* MemoryInkWidget.appex in Embed Foundation Extensions */ = {isa = PBXBuildFile; fileRef = AA0000000000000000000002 /* MemoryInkWidget.appex */; settings = {ATTRIBUTES = (RemoveHeadersOnCopy, ); }; };
/* End PBXBuildFile section */

/* Begin PBXFileReference section */
		0E76CE082FBCB92800381EC8 /* Info.plist */ = {isa = PBXFileReference; lastKnownFileType = text.plist; path = Info.plist; sourceTree = "<group>"; };
		0E76CE092FBF3A6B00381EC8 /* StoreKit.storekit */ = {isa = PBXFileReference; lastKnownFileType = text; path = StoreKit.storekit; sourceTree = "<group>"; };
		0E76CE0C2FC00A9700381EC8 /* audio_reflective_1.mp3 */ = {isa = PBXFileReference; lastKnownFileType = audio.mp3; path = audio_reflective_1.mp3; sourceTree = "<group>"; };
		0E76CE0D2FC00A9700381EC8 /* audio_happy_1.mp3 */ = {isa = PBXFileReference; lastKnownFileType = audio.mp3; path = audio_happy_1.mp3; sourceTree = "<group>"; };
		7F49FC9D92F85925C56398F1 /* Spectral-SemiBold.ttf */ = {isa = PBXFileReference; lastKnownFileType = file; path = "Spectral-SemiBold.ttf"; sourceTree = "<group>"; };
		0E76CE0E2FC00A9700381EC8 /* audio_peaceful_1.mp3 */ = {isa = PBXFileReference; lastKnownFileType = audio.mp3; path = audio_peaceful_1.mp3; sourceTree = "<group>"; };
		0E76CE0F2FC00A9700381EC8 /* audio_nostalgic_1.mp3 */ = {isa = PBXFileReference; lastKnownFileType = audio.mp3; path = audio_nostalgic_1.mp3; sourceTree = "<group>"; };
		0E76CE102FC00A9700381EC8 /* audio_proud_1.mp3 */ = {isa = PBXFileReference; lastKnownFileType = audio.mp3; path = audio_proud_1.mp3; sourceTree = "<group>"; };
		0E76CE112FC00A9800381EC8 /* audio_sad_1.mp3 */ = {isa = PBXFileReference; lastKnownFileType = audio.mp3; path = audio_sad_1.mp3; sourceTree = "<group>"; };
		0E79FB152FBAD5A4009A6E8E /* MemoryInk.app */ = {isa = PBXFileReference; explicitFileType = wrapper.application; includeInIndex = 0; path = MemoryInk.app; sourceTree = BUILT_PRODUCTS_DIR; };
		0E79FB1C2FBAD5A5009A6E8E /* Assets.xcassets */ = {isa = PBXFileReference; lastKnownFileType = folder.assetcatalog; path = Assets.xcassets; sourceTree = "<group>"; };
		0E79FB1F2FBAD5A5009A6E8E /* Preview Assets.xcassets */ = {isa = PBXFileReference; lastKnownFileType = folder.assetcatalog; path = "Preview Assets.xcassets"; sourceTree = "<group>"; };
		0E79FB262FBAD8A0009A6E8E /* MemoryInkApp.swift */ = {isa = PBXFileReference; lastKnownFileType = sourcecode.swift; path = MemoryInkApp.swift; sourceTree = "<group>"; };
		0E79FB272FBAD8A0009A6E8E /* AppRouter.swift */ = {isa = PBXFileReference; lastKnownFileType = sourcecode.swift; path = AppRouter.swift; sourceTree = "<group>"; };
		0E79FB282FBAD8A0009A6E8E /* TimelineView.swift */ = {isa = PBXFileReference; lastKnownFileType = sourcecode.swift; path = TimelineView.swift; sourceTree = "<group>"; };
		0E79FB292FBAD8A0009A6E8E /* TimelineViewModel.swift */ = {isa = PBXFileReference; lastKnownFileType = sourcecode.swift; path = TimelineViewModel.swift; sourceTree = "<group>"; };
		0E79FB2A2FBAD8A0009A6E8E /* TimelineCard.swift */ = {isa = PBXFileReference; lastKnownFileType = sourcecode.swift; path = TimelineCard.swift; sourceTree = "<group>"; };
		0E79FB2B2FBAD8A0009A6E8E /* MoodType.swift */ = {isa = PBXFileReference; lastKnownFileType = sourcecode.swift; path = MoodType.swift; sourceTree = "<group>"; };
		0E79FB2C2FBAD8A0009A6E8E /* NarrativeStyle.swift */ = {isa = PBXFileReference; lastKnownFileType = sourcecode.swift; path = NarrativeStyle.swift; sourceTree = "<group>"; };
		0E79FB2D2FBAD8A0009A6E8E /* Colors.swift */ = {isa = PBXFileReference; lastKnownFileType = sourcecode.swift; path = Colors.swift; sourceTree = "<group>"; };
		0E79FB2E2FBAD8A0009A6E8E /* Typography.swift */ = {isa = PBXFileReference; lastKnownFileType = sourcecode.swift; path = Typography.swift; sourceTree = "<group>"; };
		0E79FB2F2FBAD8A0009A6E8E /* Spacing.swift */ = {isa = PBXFileReference; lastKnownFileType = sourcecode.swift; path = Spacing.swift; sourceTree = "<group>"; };
		0E79FC002FBB0001009A6E8E /* JournalEntry.swift */ = {isa = PBXFileReference; lastKnownFileType = sourcecode.swift; path = JournalEntry.swift; sourceTree = "<group>"; };
		0E79FC012FBB0001009A6E8E /* SyncStatus.swift */ = {isa = PBXFileReference; lastKnownFileType = sourcecode.swift; path = SyncStatus.swift; sourceTree = "<group>"; };
		0E79FC022FBB0001009A6E8E /* CoreDataStack.swift */ = {isa = PBXFileReference; lastKnownFileType = sourcecode.swift; path = CoreDataStack.swift; sourceTree = "<group>"; };
		0E79FC032FBB0001009A6E8E /* JournalEntryObject.swift */ = {isa = PBXFileReference; lastKnownFileType = sourcecode.swift; path = JournalEntryObject.swift; sourceTree = "<group>"; };
		0E79FC042FBB0001009A6E8E /* JournalEntryRepository.swift */ = {isa = PBXFileReference; lastKnownFileType = sourcecode.swift; path = JournalEntryRepository.swift; sourceTree = "<group>"; };
		0E79FC052FBB0001009A6E8E /* ImagePipelineService.swift */ = {isa = PBXFileReference; lastKnownFileType = sourcecode.swift; path = ImagePipelineService.swift; sourceTree = "<group>"; };
		0E79FC072FBB0001009A6E8E /* MemoryCreationView.swift */ = {isa = PBXFileReference; lastKnownFileType = sourcecode.swift; path = MemoryCreationView.swift; sourceTree = "<group>"; };
		0E79FC082FBB0001009A6E8E /* MemoryCreationViewModel.swift */ = {isa = PBXFileReference; lastKnownFileType = sourcecode.swift; path = MemoryCreationViewModel.swift; sourceTree = "<group>"; };
		0E79FC092FBB0001009A6E8E /* MoodPickerView.swift */ = {isa = PBXFileReference; lastKnownFileType = sourcecode.swift; path = MoodPickerView.swift; sourceTree = "<group>"; };
		0E79FD002FBC0001009A6E8E /* AIContracts.swift */ = {isa = PBXFileReference; lastKnownFileType = sourcecode.swift; path = AIContracts.swift; sourceTree = "<group>"; };
		0E79FD012FBC0001009A6E8E /* WeeklyRecap.swift */ = {isa = PBXFileReference; lastKnownFileType = sourcecode.swift; path = WeeklyRecap.swift; sourceTree = "<group>"; };
		0E79FD022FBC0001009A6E8E /* AIService.swift */ = {isa = PBXFileReference; lastKnownFileType = sourcecode.swift; path = AIService.swift; sourceTree = "<group>"; };
		0E79FD032FBC0001009A6E8E /* AIUsageTracker.swift */ = {isa = PBXFileReference; lastKnownFileType = sourcecode.swift; path = AIUsageTracker.swift; sourceTree = "<group>"; };
		0E79FD042FBC0001009A6E8E /* NarrativeGenerationService.swift */ = {isa = PBXFileReference; lastKnownFileType = sourcecode.swift; path = NarrativeGenerationService.swift; sourceTree = "<group>"; };
		0E79FD052FBC0001009A6E8E /* RecapService.swift */ = {isa = PBXFileReference; lastKnownFileType = sourcecode.swift; path = RecapService.swift; sourceTree = "<group>"; };
		0E79FD062FBC0001009A6E8E /* OnThisDayService.swift */ = {isa = PBXFileReference; lastKnownFileType = sourcecode.swift; path = OnThisDayService.swift; sourceTree = "<group>"; };
		0E79FD082FBC0001009A6E8E /* RecapView.swift */ = {isa = PBXFileReference; lastKnownFileType = sourcecode.swift; path = RecapView.swift; sourceTree = "<group>"; };
		0E79FD0A2FBC0001009A6E8E /* OnThisDayView.swift */ = {isa = PBXFileReference; lastKnownFileType = sourcecode.swift; path = OnThisDayView.swift; sourceTree = "<group>"; };
		0E79FE002FBD0001009A6E8E /* SubscriptionPlan.swift */ = {isa = PBXFileReference; lastKnownFileType = sourcecode.swift; path = SubscriptionPlan.swift; sourceTree = "<group>"; };
		0E79FE012FBD0001009A6E8E /* AuthModels.swift */ = {isa = PBXFileReference; lastKnownFileType = sourcecode.swift; path = AuthModels.swift; sourceTree = "<group>"; };
		0E79FE022FBD0001009A6E8E /* SyncModels.swift */ = {isa = PBXFileReference; lastKnownFileType = sourcecode.swift; path = SyncModels.swift; sourceTree = "<group>"; };
		0E79FE032FBD0001009A6E8E /* RevenueCatService.swift */ = {isa = PBXFileReference; lastKnownFileType = sourcecode.swift; path = RevenueCatService.swift; sourceTree = "<group>"; };
		0E79FE042FBD0001009A6E8E /* SubscriptionManager.swift */ = {isa = PBXFileReference; lastKnownFileType = sourcecode.swift; path = SubscriptionManager.swift; sourceTree = "<group>"; };
		0E79FE052FBD0001009A6E8E /* AuthService.swift */ = {isa = PBXFileReference; lastKnownFileType = sourcecode.swift; path = AuthService.swift; sourceTree = "<group>"; };
		0E79FE062FBD0001009A6E8E /* SyncService.swift */ = {isa = PBXFileReference; lastKnownFileType = sourcecode.swift; path = SyncService.swift; sourceTree = "<group>"; };
		0E79FE072FBD0001009A6E8E /* AnalyticsService.swift */ = {isa = PBXFileReference; lastKnownFileType = sourcecode.swift; path = AnalyticsService.swift; sourceTree = "<group>"; };
		0E79FE082FBD0001009A6E8E /* SubscriptionView.swift */ = {isa = PBXFileReference; lastKnownFileType = sourcecode.swift; path = SubscriptionView.swift; sourceTree = "<group>"; };
		0E79FE092FBD0001009A6E8E /* SettingsView.swift */ = {isa = PBXFileReference; lastKnownFileType = sourcecode.swift; path = SettingsView.swift; sourceTree = "<group>"; };
		0E79FE0A2FBD0001009A6E8E /* OnboardingView.swift */ = {isa = PBXFileReference; lastKnownFileType = sourcecode.swift; path = OnboardingView.swift; sourceTree = "<group>"; };
		0E79FE0B2FBD0001009A6E8E /* PrivacyScreenView.swift */ = {isa = PBXFileReference; lastKnownFileType = sourcecode.swift; path = PrivacyScreenView.swift; sourceTree = "<group>"; };
		0E79FE0C2FBD0001009A6E8E /* MoodIntroView.swift */ = {isa = PBXFileReference; lastKnownFileType = sourcecode.swift; path = MoodIntroView.swift; sourceTree = "<group>"; };
		0E8000022FC1000000000001 /* MemoryDetailViewModel.swift */ = {isa = PBXFileReference; lastKnownFileType = sourcecode.swift; path = MemoryDetailViewModel.swift; sourceTree = "<group>"; };
		0E8000032FC1000000000001 /* MemoryDetailView.swift */ = {isa = PBXFileReference; lastKnownFileType = sourcecode.swift; path = MemoryDetailView.swift; sourceTree = "<group>"; };
		0E80000A2FC1000000000001 /* LoadingIndicator.swift */ = {isa = PBXFileReference; lastKnownFileType = sourcecode.swift; path = LoadingIndicator.swift; sourceTree = "<group>"; };
		0E80000B2FC1000000000001 /* EmptyStateView.swift */ = {isa = PBXFileReference; lastKnownFileType = sourcecode.swift; path = EmptyStateView.swift; sourceTree = "<group>"; };
		0E80000C2FC1000000000001 /* ToastView.swift */ = {isa = PBXFileReference; lastKnownFileType = sourcecode.swift; path = ToastView.swift; sourceTree = "<group>"; };
		0E8000202FC1000000000001 /* NotificationService.swift */ = {isa = PBXFileReference; lastKnownFileType = sourcecode.swift; path = NotificationService.swift; sourceTree = "<group>"; };
		0E8000222FC1000000000001 /* MemoryShareRenderer.swift */ = {isa = PBXFileReference; lastKnownFileType = sourcecode.swift; path = MemoryShareRenderer.swift; sourceTree = "<group>"; };
		0E8000242FC1000000000001 /* MilestoneService.swift */ = {isa = PBXFileReference; lastKnownFileType = sourcecode.swift; path = MilestoneService.swift; sourceTree = "<group>"; };
		0E8000272FC1000000000001 /* YearlyReviewService.swift */ = {isa = PBXFileReference; lastKnownFileType = sourcecode.swift; path = YearlyReviewService.swift; sourceTree = "<group>"; };
		0E8000282FC1000000000001 /* YearlyReviewView.swift */ = {isa = PBXFileReference; lastKnownFileType = sourcecode.swift; path = YearlyReviewView.swift; sourceTree = "<group>"; };
		0E80002C2FC1000000000001 /* CalendarView.swift */ = {isa = PBXFileReference; lastKnownFileType = sourcecode.swift; path = CalendarView.swift; sourceTree = "<group>"; };
		0E80002D2FC1000000000001 /* CalendarViewModel.swift */ = {isa = PBXFileReference; lastKnownFileType = sourcecode.swift; path = CalendarViewModel.swift; sourceTree = "<group>"; };
		0E8000302FC1000000000001 /* ShareSheet.swift */ = {isa = PBXFileReference; lastKnownFileType = sourcecode.swift; path = ShareSheet.swift; sourceTree = "<group>"; };
		0E8000402FC1000000000001 /* CardBrowseView.swift */ = {isa = PBXFileReference; lastKnownFileType = sourcecode.swift; path = CardBrowseView.swift; sourceTree = "<group>"; };
		0E8000512FC1000000000001 /* MemoryViewerView.swift */ = {isa = PBXFileReference; lastKnownFileType = sourcecode.swift; path = MemoryViewerView.swift; sourceTree = "<group>"; };
		0E8000612FC1000000000001 /* BackgroundScene.swift */ = {isa = PBXFileReference; lastKnownFileType = sourcecode.swift; path = BackgroundScene.swift; sourceTree = "<group>"; };
		0E8000702FC1000000000001 /* SlideshowService.swift */ = {isa = PBXFileReference; lastKnownFileType = sourcecode.swift; path = SlideshowService.swift; sourceTree = "<group>"; };
		0E8000712FC1000000000001 /* SlideshowPickerView.swift */ = {isa = PBXFileReference; lastKnownFileType = sourcecode.swift; path = SlideshowPickerView.swift; sourceTree = "<group>"; };
		0E80007F2FC2000000000001 /* EmotionGraphView.swift */ = {isa = PBXFileReference; lastKnownFileType = sourcecode.swift; path = EmotionGraphView.swift; sourceTree = "<group>"; };
		0E8000812FC2000000000001 /* SlideshowStyle.swift */ = {isa = PBXFileReference; lastKnownFileType = sourcecode.swift; path = SlideshowStyle.swift; sourceTree = "<group>"; };
		0E8000902FC3000000000001 /* CinematicVisualSystem.swift */ = {isa = PBXFileReference; lastKnownFileType = sourcecode.swift; path = CinematicVisualSystem.swift; sourceTree = "<group>"; };
		0E8000B22FC5000000000012 /* MemoryShareCardSheet.swift */ = {isa = PBXFileReference; lastKnownFileType = sourcecode.swift; path = MemoryShareCardSheet.swift; sourceTree = "<group>"; };
		0E8000B42FC5000000000014 /* ExportService.swift */ = {isa = PBXFileReference; lastKnownFileType = sourcecode.swift; path = ExportService.swift; sourceTree = "<group>"; };
		D5D43F9E0C0A30F8605ACFFE /* MemoryInkHeroHeader.swift */ = {isa = PBXFileReference; lastKnownFileType = sourcecode.swift; path = MemoryInkHeroHeader.swift; sourceTree = "<group>"; };
		2EB276F985A2F60DF053363C /* MemoryInkSwipeGesture.swift */ = {isa = PBXFileReference; lastKnownFileType = sourcecode.swift; path = MemoryInkSwipeGesture.swift; sourceTree = "<group>"; };
		0803E8150B1955854F876F83 /* MemoryInkHaptics.swift */ = {isa = PBXFileReference; lastKnownFileType = sourcecode.swift; path = MemoryInkHaptics.swift; sourceTree = "<group>"; };
		FD2E65BBEE941B9190408F7E /* MemoryInkMoodDistributionChart.swift */ = {isa = PBXFileReference; lastKnownFileType = sourcecode.swift; path = MemoryInkMoodDistributionChart.swift; sourceTree = "<group>"; };
		0EBE26E72FC59DA00097F97A /* MemoryInk.entitlements */ = {isa = PBXFileReference; lastKnownFileType = text.plist.entitlements; path = MemoryInk.entitlements; sourceTree = "<group>"; };
		AA0000000000000000000002 /* MemoryInkWidget.appex */ = {isa = PBXFileReference; explicitFileType = "wrapper.app-extension"; includeInIndex = 0; path = MemoryInkWidget.appex; sourceTree = BUILT_PRODUCTS_DIR; };
		AA0000000000000000000010 /* MemoryInkWidget.swift */ = {isa = PBXFileReference; lastKnownFileType = sourcecode.swift; path = MemoryInkWidget.swift; sourceTree = "<group>"; };
		AA0000000000000000000012 /* MemoryInkWidgetBundle.swift */ = {isa = PBXFileReference; lastKnownFileType = sourcecode.swift; path = MemoryInkWidgetBundle.swift; sourceTree = "<group>"; };
		AA0000000000000000000017 /* Info.plist */ = {isa = PBXFileReference; lastKnownFileType = text.plist.xml; path = Info.plist; sourceTree = "<group>"; };
		AA0000000000000000000018 /* MemoryInkWidget.entitlements */ = {isa = PBXFileReference; lastKnownFileType = text.plist.entitlements; path = MemoryInkWidget.entitlements; sourceTree = "<group>"; };
		AA0000000000000000000014 /* WidgetSnapshot.swift */ = {isa = PBXFileReference; lastKnownFileType = sourcecode.swift; path = WidgetSnapshot.swift; sourceTree = "<group>"; };
		AA0000000000000000000020 /* AppLockService.swift */ = {isa = PBXFileReference; lastKnownFileType = sourcecode.swift; path = AppLockService.swift; sourceTree = "<group>"; };
		AA0000000000000000000022 /* AppLockView.swift */ = {isa = PBXFileReference; lastKnownFileType = sourcecode.swift; path = AppLockView.swift; sourceTree = "<group>"; };
		AA0000000000000000000024 /* WidgetSnapshotService.swift */ = {isa = PBXFileReference; lastKnownFileType = sourcecode.swift; path = WidgetSnapshotService.swift; sourceTree = "<group>"; };
/* End PBXFileReference section */

/* Begin PBXCopyFilesBuildPhase section */
		AA000000000000000000000A /* Embed Foundation Extensions */ = {
			isa = PBXCopyFilesBuildPhase;
			buildActionMask = 2147483647;
			dstPath = "";
			dstSubfolderSpec = 13;
			files = (
				AA0000000000000000000019 /* MemoryInkWidget.appex in Embed Foundation Extensions */,
			);
			name = "Embed Foundation Extensions";
			runOnlyForDeploymentPostprocessing = 0;
		};
/* End PBXCopyFilesBuildPhase section */

/* Begin PBXFrameworksBuildPhase section */
		0E79FB122FBAD5A4009A6E8E /* Frameworks */ = {
			isa = PBXFrameworksBuildPhase;
			buildActionMask = 2147483647;
			files = (
				0E79FF012FBE0001009A6E8E /* RevenueCat in Frameworks */,
			);
			runOnlyForDeploymentPostprocessing = 0;
		};
		AA0000000000000000000005 /* Frameworks */ = {
			isa = PBXFrameworksBuildPhase;
			buildActionMask = 2147483647;
			files = (
			);
			runOnlyForDeploymentPostprocessing = 0;
		};
/* End PBXFrameworksBuildPhase section */

/* Begin PBXGroup section */
		0E76CE0B2FC00A6D00381EC8 /* Audio */ = {
			isa = PBXGroup;
			children = (
				0E76CE0C2FC00A9700381EC8 /* audio_reflective_1.mp3 */,
				0E76CE0D2FC00A9700381EC8 /* audio_happy_1.mp3 */,
				0E76CE0F2FC00A9700381EC8 /* audio_nostalgic_1.mp3 */,
				0E76CE0E2FC00A9700381EC8 /* audio_peaceful_1.mp3 */,
				0E76CE102FC00A9700381EC8 /* audio_proud_1.mp3 */,
				0E76CE112FC00A9800381EC8 /* audio_sad_1.mp3 */,
			);
			path = Audio;
			sourceTree = "<group>";
		};
		D35F15229FF2C67F7ADB489E /* Fonts */ = {
			isa = PBXGroup;
			children = (
				7F49FC9D92F85925C56398F1 /* Spectral-SemiBold.ttf */,
			);
			path = Fonts;
			sourceTree = "<group>";
		};
		0E79FB0C2FBAD5A4009A6E8E = {
			isa = PBXGroup;
			children = (
				AA0000000000000000000003 /* MemoryInkWidget */,
				0E76CE092FBF3A6B00381EC8 /* StoreKit.storekit */,
				0E79FB172FBAD5A4009A6E8E /* MemoryInk */,
				0E79FB162FBAD5A4009A6E8E /* Products */,
			);
			sourceTree = "<group>";
		};
		0E79FB162FBAD5A4009A6E8E /* Products */ = {
			isa = PBXGroup;
			children = (
				AA0000000000000000000002 /* MemoryInkWidget.appex */,
				0E79FB152FBAD5A4009A6E8E /* MemoryInk.app */,
			);
			name = Products;
			sourceTree = "<group>";
		};
		0E79FB172FBAD5A4009A6E8E /* MemoryInk */ = {
			isa = PBXGroup;
			children = (
				0EBE26E72FC59DA00097F97A /* MemoryInk.entitlements */,
				0E76CE0B2FC00A6D00381EC8 /* Audio */,
				D35F15229FF2C67F7ADB489E /* Fonts */,
				0E76CE082FBCB92800381EC8 /* Info.plist */,
				0E79FB3A2FBAD8A0009A6E8E /* App */,
				0E79FB3B2FBAD8A0009A6E8E /* Features */,
				0E79FC0A2FBB0001009A6E8E /* Services */,
				0E79FC0B2FBB0001009A6E8E /* Persistence */,
				0E79FB3D2FBAD8A0009A6E8E /* Models */,
				0E79FB3E2FBAD8A0009A6E8E /* Common */,
				0E79FB1C2FBAD5A5009A6E8E /* Assets.xcassets */,
				0E79FB1E2FBAD5A5009A6E8E /* Preview Content */,
			);
			path = MemoryInk;
			sourceTree = "<group>";
		};
		0E79FB1E2FBAD5A5009A6E8E /* Preview Content */ = {
			isa = PBXGroup;
			children = (
				0E79FB1F2FBAD5A5009A6E8E /* Preview Assets.xcassets */,
			);
			path = "Preview Content";
			sourceTree = "<group>";
		};
		0E79FB3A2FBAD8A0009A6E8E /* App */ = {
			isa = PBXGroup;
			children = (
				0E79FB262FBAD8A0009A6E8E /* MemoryInkApp.swift */,
				0E79FB272FBAD8A0009A6E8E /* AppRouter.swift */,
			);
			path = App;
			sourceTree = "<group>";
		};
		0E79FB3B2FBAD8A0009A6E8E /* Features */ = {
			isa = PBXGroup;
			children = (
				AA0000000000000000000026 /* AppLock */,
				0E79FB3C2FBAD8A0009A6E8E /* Timeline */,
				0E80003F2FC1000000000001 /* Browse */,
				0E79FC0C2FBB0001009A6E8E /* MemoryCreation */,
				0E8000082FC1000000000001 /* MemoryDetail */,
				0E8000502FC1000000000001 /* MemoryViewer */,
				0E8000742FC1000000000001 /* Slideshow */,
				0E79FD0C2FBC0001009A6E8E /* Recap */,
				0E79FD0D2FBC0001009A6E8E /* OnThisDay */,
				0E8000262FC1000000000001 /* YearlyReview */,
				0E80002B2FC1000000000001 /* Calendar */,
				0E79FE0D2FBD0001009A6E8E /* Settings */,
				0E79FE0E2FBD0001009A6E8E /* Subscription */,
				0E79FE0F2FBD0001009A6E8E /* Onboarding */,
			);
			path = Features;
			sourceTree = "<group>";
		};
		0E79FB3C2FBAD8A0009A6E8E /* Timeline */ = {
			isa = PBXGroup;
			children = (
				0E79FB282FBAD8A0009A6E8E /* TimelineView.swift */,
				0E79FB292FBAD8A0009A6E8E /* TimelineViewModel.swift */,
				0E79FB2A2FBAD8A0009A6E8E /* TimelineCard.swift */,
				0E80007F2FC2000000000001 /* EmotionGraphView.swift */,
			);
			path = Timeline;
			sourceTree = "<group>";
		};
		0E79FB3D2FBAD8A0009A6E8E /* Models */ = {
			isa = PBXGroup;
			children = (
				AA0000000000000000000014 /* WidgetSnapshot.swift */,
				0E79FC002FBB0001009A6E8E /* JournalEntry.swift */,
				0E79FD002FBC0001009A6E8E /* AIContracts.swift */,
				0E79FD012FBC0001009A6E8E /* WeeklyRecap.swift */,
				0E79FE002FBD0001009A6E8E /* SubscriptionPlan.swift */,
				0E79FE012FBD0001009A6E8E /* AuthModels.swift */,
				0E79FE022FBD0001009A6E8E /* SyncModels.swift */,
				0E79FB2B2FBAD8A0009A6E8E /* MoodType.swift */,
				0E79FB2C2FBAD8A0009A6E8E /* NarrativeStyle.swift */,
				0E8000812FC2000000000001 /* SlideshowStyle.swift */,
				0E79FC012FBB0001009A6E8E /* SyncStatus.swift */,
			);
			path = Models;
			sourceTree = "<group>";
		};
		0E79FB3E2FBAD8A0009A6E8E /* Common */ = {
			isa = PBXGroup;
			children = (
				0E8000092FC1000000000001 /* Components */,
				0E79FB3F2FBAD8A0009A6E8E /* Theme */,
			);
			path = Common;
			sourceTree = "<group>";
		};
		0E79FB3F2FBAD8A0009A6E8E /* Theme */ = {
			isa = PBXGroup;
			children = (
				0E79FB2D2FBAD8A0009A6E8E /* Colors.swift */,
				0E79FB2E2FBAD8A0009A6E8E /* Typography.swift */,
				0E79FB2F2FBAD8A0009A6E8E /* Spacing.swift */,
			);
			path = Theme;
			sourceTree = "<group>";
		};
		0E79FC0A2FBB0001009A6E8E /* Services */ = {
			isa = PBXGroup;
			children = (
				AA0000000000000000000020 /* AppLockService.swift */,
				AA0000000000000000000024 /* WidgetSnapshotService.swift */,
				0E79FD022FBC0001009A6E8E /* AIService.swift */,
				0E79FD032FBC0001009A6E8E /* AIUsageTracker.swift */,
				0E79FD042FBC0001009A6E8E /* NarrativeGenerationService.swift */,
				0E79FD052FBC0001009A6E8E /* RecapService.swift */,
				0E79FD062FBC0001009A6E8E /* OnThisDayService.swift */,
				0E79FE032FBD0001009A6E8E /* RevenueCatService.swift */,
				0E79FE042FBD0001009A6E8E /* SubscriptionManager.swift */,
				0E79FE052FBD0001009A6E8E /* AuthService.swift */,
				0E79FE062FBD0001009A6E8E /* SyncService.swift */,
				0E79FE072FBD0001009A6E8E /* AnalyticsService.swift */,
				0E8000202FC1000000000001 /* NotificationService.swift */,
				0E8000242FC1000000000001 /* MilestoneService.swift */,
				0E8000B42FC5000000000014 /* ExportService.swift */,
				0E8000272FC1000000000001 /* YearlyReviewService.swift */,
				0E79FC052FBB0001009A6E8E /* ImagePipelineService.swift */,
				0E8000702FC1000000000001 /* SlideshowService.swift */,
			);
			path = Services;
			sourceTree = "<group>";
		};
		0E79FC0B2FBB0001009A6E8E /* Persistence */ = {
			isa = PBXGroup;
			children = (
				0E79FC022FBB0001009A6E8E /* CoreDataStack.swift */,
				0E79FC032FBB0001009A6E8E /* JournalEntryObject.swift */,
				0E79FC042FBB0001009A6E8E /* JournalEntryRepository.swift */,
			);
			path = Persistence;
			sourceTree = "<group>";
		};
		0E79FC0C2FBB0001009A6E8E /* MemoryCreation */ = {
			isa = PBXGroup;
			children = (
				0E79FC072FBB0001009A6E8E /* MemoryCreationView.swift */,
				0E79FC082FBB0001009A6E8E /* MemoryCreationViewModel.swift */,
				0E79FC092FBB0001009A6E8E /* MoodPickerView.swift */,
			);
			path = MemoryCreation;
			sourceTree = "<group>";
		};
		0E79FD0C2FBC0001009A6E8E /* Recap */ = {
			isa = PBXGroup;
			children = (
				0E79FD082FBC0001009A6E8E /* RecapView.swift */,
			);
			path = Recap;
			sourceTree = "<group>";
		};
		0E79FD0D2FBC0001009A6E8E /* OnThisDay */ = {
			isa = PBXGroup;
			children = (
				0E79FD0A2FBC0001009A6E8E /* OnThisDayView.swift */,
			);
			path = OnThisDay;
			sourceTree = "<group>";
		};
		0E79FE0D2FBD0001009A6E8E /* Settings */ = {
			isa = PBXGroup;
			children = (
				0E79FE092FBD0001009A6E8E /* SettingsView.swift */,
			);
			path = Settings;
			sourceTree = "<group>";
		};
		0E79FE0E2FBD0001009A6E8E /* Subscription */ = {
			isa = PBXGroup;
			children = (
				0E79FE082FBD0001009A6E8E /* SubscriptionView.swift */,
			);
			path = Subscription;
			sourceTree = "<group>";
		};
		0E79FE0F2FBD0001009A6E8E /* Onboarding */ = {
			isa = PBXGroup;
			children = (
				0E79FE0A2FBD0001009A6E8E /* OnboardingView.swift */,
				0E79FE0B2FBD0001009A6E8E /* PrivacyScreenView.swift */,
				0E79FE0C2FBD0001009A6E8E /* MoodIntroView.swift */,
			);
			path = Onboarding;
			sourceTree = "<group>";
		};
		0E8000082FC1000000000001 /* MemoryDetail */ = {
			isa = PBXGroup;
			children = (
				0E8000022FC1000000000001 /* MemoryDetailViewModel.swift */,
				0E8000032FC1000000000001 /* MemoryDetailView.swift */,
			);
			path = MemoryDetail;
			sourceTree = "<group>";
		};
		0E8000092FC1000000000001 /* Components */ = {
			isa = PBXGroup;
			children = (
				0E8000902FC3000000000001 /* CinematicVisualSystem.swift */,
				D5D43F9E0C0A30F8605ACFFE /* MemoryInkHeroHeader.swift */,
				0E8000B22FC5000000000012 /* MemoryShareCardSheet.swift */,
				2EB276F985A2F60DF053363C /* MemoryInkSwipeGesture.swift */,
				0803E8150B1955854F876F83 /* MemoryInkHaptics.swift */,
				FD2E65BBEE941B9190408F7E /* MemoryInkMoodDistributionChart.swift */,
				0E80000A2FC1000000000001 /* LoadingIndicator.swift */,
				0E80000B2FC1000000000001 /* EmptyStateView.swift */,
				0E80000C2FC1000000000001 /* ToastView.swift */,
				0E8000222FC1000000000001 /* MemoryShareRenderer.swift */,
				0E8000302FC1000000000001 /* ShareSheet.swift */,
				0E8000612FC1000000000001 /* BackgroundScene.swift */,
			);
			path = Components;
			sourceTree = "<group>";
		};
		0E8000262FC1000000000001 /* YearlyReview */ = {
			isa = PBXGroup;
			children = (
				0E8000282FC1000000000001 /* YearlyReviewView.swift */,
			);
			path = YearlyReview;
			sourceTree = "<group>";
		};
		0E80002B2FC1000000000001 /* Calendar */ = {
			isa = PBXGroup;
			children = (
				0E80002C2FC1000000000001 /* CalendarView.swift */,
				0E80002D2FC1000000000001 /* CalendarViewModel.swift */,
			);
			path = Calendar;
			sourceTree = "<group>";
		};
		0E80003F2FC1000000000001 /* Browse */ = {
			isa = PBXGroup;
			children = (
				0E8000402FC1000000000001 /* CardBrowseView.swift */,
			);
			path = Browse;
			sourceTree = "<group>";
		};
		0E8000502FC1000000000001 /* MemoryViewer */ = {
			isa = PBXGroup;
			children = (
				0E8000512FC1000000000001 /* MemoryViewerView.swift */,
			);
			path = MemoryViewer;
			sourceTree = "<group>";
		};
		0E8000742FC1000000000001 /* Slideshow */ = {
			isa = PBXGroup;
			children = (
				0E8000712FC1000000000001 /* SlideshowPickerView.swift */,
			);
			path = Slideshow;
			sourceTree = "<group>";
		};
		AA0000000000000000000003 /* MemoryInkWidget */ = {
			isa = PBXGroup;
			children = (
				AA0000000000000000000018 /* MemoryInkWidget.entitlements */,
				AA0000000000000000000017 /* Info.plist */,
				AA0000000000000000000012 /* MemoryInkWidgetBundle.swift */,
				AA0000000000000000000010 /* MemoryInkWidget.swift */,
			);
			path = MemoryInkWidget;
			sourceTree = "<group>";
		};
		AA0000000000000000000026 /* AppLock */ = {
			isa = PBXGroup;
			children = (
				AA0000000000000000000022 /* AppLockView.swift */,
			);
			path = AppLock;
			sourceTree = "<group>";
		};
/* End PBXGroup section */

/* Begin PBXNativeTarget section */
		0E79FB142FBAD5A4009A6E8E /* MemoryInk */ = {
			isa = PBXNativeTarget;
			buildConfigurationList = 0E79FB232FBAD5A5009A6E8E /* Build configuration list for PBXNativeTarget "MemoryInk" */;
			buildPhases = (
				0E79FB112FBAD5A4009A6E8E /* Sources */,
				0E79FB122FBAD5A4009A6E8E /* Frameworks */,
				0E79FB132FBAD5A4009A6E8E /* Resources */,
				AA000000000000000000000A /* Embed Foundation Extensions */,
			);
			buildRules = (
			);
			dependencies = (
				AA000000000000000000000B /* PBXTargetDependency */,
			);
			name = MemoryInk;
			packageProductDependencies = (
				0E79FF002FBE0001009A6E8E /* RevenueCat */,
			);
			productName = MemoryInk;
			productReference = 0E79FB152FBAD5A4009A6E8E /* MemoryInk.app */;
			productType = "com.apple.product-type.application";
		};
		AA0000000000000000000001 /* MemoryInkWidget */ = {
			isa = PBXNativeTarget;
			buildConfigurationList = AA0000000000000000000009 /* Build configuration list for PBXNativeTarget "MemoryInkWidget" */;
			buildPhases = (
				AA0000000000000000000004 /* Sources */,
				AA0000000000000000000005 /* Frameworks */,
				AA0000000000000000000006 /* Resources */,
			);
			buildRules = (
			);
			dependencies = (
			);
			name = MemoryInkWidget;
			productName = MemoryInkWidget;
			productReference = AA0000000000000000000002 /* MemoryInkWidget.appex */;
			productType = "com.apple.product-type.app-extension";
		};
/* End PBXNativeTarget section */

/* Begin PBXContainerItemProxy section */
		AA000000000000000000000C /* PBXContainerItemProxy */ = {
			isa = PBXContainerItemProxy;
			containerPortal = 0E79FB0D2FBAD5A4009A6E8E /* Project object */;
			proxyType = 1;
			remoteGlobalIDString = AA0000000000000000000001;
			remoteInfo = MemoryInkWidget;
		};
/* End PBXContainerItemProxy section */

/* Begin PBXProject section */
		0E79FB0D2FBAD5A4009A6E8E /* Project object */ = {
			isa = PBXProject;
			attributes = {
				BuildIndependentTargetsInParallel = 1;
				LastSwiftUpdateCheck = 1540;
				LastUpgradeCheck = 1540;
				TargetAttributes = {
					0E79FB142FBAD5A4009A6E8E = {
						CreatedOnToolsVersion = 15.4;
					};
					AA0000000000000000000001 = {
						CreatedOnToolsVersion = 15.4;
					};
				};
			};
			buildConfigurationList = 0E79FB102FBAD5A4009A6E8E /* Build configuration list for PBXProject "MemoryInk" */;
			compatibilityVersion = "Xcode 14.0";
			developmentRegion = en;
			hasScannedForEncodings = 0;
			knownRegions = (
				en,
				Base,
			);
			mainGroup = 0E79FB0C2FBAD5A4009A6E8E;
			packageReferences = (
				0E79FF022FBE0001009A6E8E /* XCRemoteSwiftPackageReference "purchases-ios-spm" */,
			);
			productRefGroup = 0E79FB162FBAD5A4009A6E8E /* Products */;
			projectDirPath = "";
			projectRoot = "";
			targets = (
				0E79FB142FBAD5A4009A6E8E /* MemoryInk */,
				AA0000000000000000000001 /* MemoryInkWidget */,
			);
		};
/* End PBXProject section */

/* Begin PBXTargetDependency section */
		AA000000000000000000000B /* PBXTargetDependency */ = {
			isa = PBXTargetDependency;
			target = AA0000000000000000000001 /* MemoryInkWidget */;
			targetProxy = AA000000000000000000000C /* PBXContainerItemProxy */;
		};
/* End PBXTargetDependency section */

/* Begin PBXResourcesBuildPhase section */
		0E79FB132FBAD5A4009A6E8E /* Resources */ = {
			isa = PBXResourcesBuildPhase;
			buildActionMask = 2147483647;
			files = (
				7A35D23106490BBA85984F55 /* Spectral-SemiBold.ttf in Resources */,
				0E76CE152FC00A9800381EC8 /* audio_nostalgic_1.mp3 in Resources */,
				0E76CE132FC00A9800381EC8 /* audio_happy_1.mp3 in Resources */,
				0E76CE162FC00A9800381EC8 /* audio_proud_1.mp3 in Resources */,
				0E76CE0A2FBF3A6C00381EC8 /* StoreKit.storekit in Resources */,
				0E76CE142FC00A9800381EC8 /* audio_peaceful_1.mp3 in Resources */,
				0E79FB202FBAD5A5009A6E8E /* Preview Assets.xcassets in Resources */,
				0E79FB1D2FBAD5A5009A6E8E /* Assets.xcassets in Resources */,
				0E76CE122FC00A9800381EC8 /* audio_reflective_1.mp3 in Resources */,
				0E76CE172FC00A9800381EC8 /* audio_sad_1.mp3 in Resources */,
			);
			runOnlyForDeploymentPostprocessing = 0;
		};
		AA0000000000000000000006 /* Resources */ = {
			isa = PBXResourcesBuildPhase;
			buildActionMask = 2147483647;
			files = (
			);
			runOnlyForDeploymentPostprocessing = 0;
		};
/* End PBXResourcesBuildPhase section */

/* Begin PBXSourcesBuildPhase section */
		0E79FB112FBAD5A4009A6E8E /* Sources */ = {
			isa = PBXSourcesBuildPhase;
			buildActionMask = 2147483647;
			files = (
				AA0000000000000000000021 /* AppLockService.swift in Sources */,
				AA0000000000000000000023 /* AppLockView.swift in Sources */,
				AA0000000000000000000025 /* WidgetSnapshotService.swift in Sources */,
				AA0000000000000000000015 /* WidgetSnapshot.swift in Sources */,
				0E79FB352FBAD8A0009A6E8E /* MoodType.swift in Sources */,
				0E8000912FC3000000000001 /* CinematicVisualSystem.swift in Sources */,
				57A6DFEA83E994B815177679 /* MemoryInkHeroHeader.swift in Sources */,
				0E8000B32FC5000000000013 /* ExportService.swift in Sources */,
				0E8000B12FC5000000000011 /* MemoryShareCardSheet.swift in Sources */,
				301DD76400892AF5AE8F741D /* MemoryInkSwipeGesture.swift in Sources */,
				754B4B0665B3CF2231DC4A33 /* MemoryInkHaptics.swift in Sources */,
				6DEC94F8AAA21194E3583B3F /* MemoryInkMoodDistributionChart.swift in Sources */,
				0E8000822FC2000000000001 /* SlideshowStyle.swift in Sources */,
				0E79FD202FBC0001009A6E8E /* AIContracts.swift in Sources */,
				0E79FC122FBB0001009A6E8E /* CoreDataStack.swift in Sources */,
				0E79FC172FBB0001009A6E8E /* MemoryCreationView.swift in Sources */,
				0E79FD222FBC0001009A6E8E /* AIService.swift in Sources */,
				0E8000722FC1000000000001 /* SlideshowService.swift in Sources */,
				0E79FC112FBB0001009A6E8E /* SyncStatus.swift in Sources */,
				0E79FE242FBD0001009A6E8E /* SubscriptionManager.swift in Sources */,
				0E79FB382FBAD8A0009A6E8E /* Typography.swift in Sources */,
				0E79FD242FBC0001009A6E8E /* NarrativeGenerationService.swift in Sources */,
				0E79FB312FBAD8A0009A6E8E /* AppRouter.swift in Sources */,
				0E79FE222FBD0001009A6E8E /* SyncModels.swift in Sources */,
				0E79FC102FBB0001009A6E8E /* JournalEntry.swift in Sources */,
				0E8000522FC1000000000001 /* MemoryViewerView.swift in Sources */,
				0E79FD212FBC0001009A6E8E /* WeeklyRecap.swift in Sources */,
				0E8000292FC1000000000001 /* YearlyReviewService.swift in Sources */,
				0E80002F2FC1000000000001 /* CalendarViewModel.swift in Sources */,
				0E79FC152FBB0001009A6E8E /* ImagePipelineService.swift in Sources */,
				0E79FB342FBAD8A0009A6E8E /* TimelineCard.swift in Sources */,
				0E8000802FC2000000000001 /* EmotionGraphView.swift in Sources */,
				0E8000412FC1000000000001 /* CardBrowseView.swift in Sources */,
				0E8000062FC1000000000001 /* LoadingIndicator.swift in Sources */,
				0E80000D2FC1000000000001 /* ToastView.swift in Sources */,
				0E79FD232FBC0001009A6E8E /* AIUsageTracker.swift in Sources */,
				0E79FE212FBD0001009A6E8E /* AuthModels.swift in Sources */,
				0E79FB332FBAD8A0009A6E8E /* TimelineViewModel.swift in Sources */,
				0E79FD282FBC0001009A6E8E /* RecapView.swift in Sources */,
				0E80002A2FC1000000000001 /* YearlyReviewView.swift in Sources */,
				0E80002E2FC1000000000001 /* CalendarView.swift in Sources */,
				0E8000042FC1000000000001 /* MemoryDetailViewModel.swift in Sources */,
				0E79FE292FBD0001009A6E8E /* SettingsView.swift in Sources */,
				0E79FE272FBD0001009A6E8E /* AnalyticsService.swift in Sources */,
				0E79FC142FBB0001009A6E8E /* JournalEntryRepository.swift in Sources */,
				0E79FC132FBB0001009A6E8E /* JournalEntryObject.swift in Sources */,
				0E79FD262FBC0001009A6E8E /* OnThisDayService.swift in Sources */,
				0E79FB372FBAD8A0009A6E8E /* Colors.swift in Sources */,
				0E79FE282FBD0001009A6E8E /* SubscriptionView.swift in Sources */,
				0E79FB392FBAD8A0009A6E8E /* Spacing.swift in Sources */,
				0E79FB362FBAD8A0009A6E8E /* NarrativeStyle.swift in Sources */,
				0E79FE2A2FBD0001009A6E8E /* OnboardingView.swift in Sources */,
				0E79FD2A2FBC0001009A6E8E /* OnThisDayView.swift in Sources */,
				0E79FD252FBC0001009A6E8E /* RecapService.swift in Sources */,
				0E8000052FC1000000000001 /* MemoryDetailView.swift in Sources */,
				0E79FE262FBD0001009A6E8E /* SyncService.swift in Sources */,
				0E79FC182FBB0001009A6E8E /* MemoryCreationViewModel.swift in Sources */,
				0E79FE252FBD0001009A6E8E /* AuthService.swift in Sources */,
				0E79FB302FBAD8A0009A6E8E /* MemoryInkApp.swift in Sources */,
				0E79FE202FBD0001009A6E8E /* SubscriptionPlan.swift in Sources */,
				0E79FE2B2FBD0001009A6E8E /* PrivacyScreenView.swift in Sources */,
				0E79FE2C2FBD0001009A6E8E /* MoodIntroView.swift in Sources */,
				0E79FE232FBD0001009A6E8E /* RevenueCatService.swift in Sources */,
				0E8000072FC1000000000001 /* EmptyStateView.swift in Sources */,
				0E8000212FC1000000000001 /* NotificationService.swift in Sources */,
				0E8000232FC1000000000001 /* MemoryShareRenderer.swift in Sources */,
				0E8000732FC1000000000001 /* SlideshowPickerView.swift in Sources */,
				0E8000312FC1000000000001 /* ShareSheet.swift in Sources */,
				0E8000622FC1000000000001 /* BackgroundScene.swift in Sources */,
				0E8000252FC1000000000001 /* MilestoneService.swift in Sources */,
				0E79FC192FBB0001009A6E8E /* MoodPickerView.swift in Sources */,
				0E79FB322FBAD8A0009A6E8E /* TimelineView.swift in Sources */,
			);
			runOnlyForDeploymentPostprocessing = 0;
		};
		AA0000000000000000000004 /* Sources */ = {
			isa = PBXSourcesBuildPhase;
			buildActionMask = 2147483647;
			files = (
				AA0000000000000000000011 /* MemoryInkWidget.swift in Sources */,
				AA0000000000000000000013 /* MemoryInkWidgetBundle.swift in Sources */,
				AA0000000000000000000016 /* WidgetSnapshot.swift in Sources */,
			);
			runOnlyForDeploymentPostprocessing = 0;
		};
/* End PBXSourcesBuildPhase section */

/* Begin XCBuildConfiguration section */
		0E79FB212FBAD5A5009A6E8E /* Debug */ = {
			isa = XCBuildConfiguration;
			buildSettings = {
				ALWAYS_SEARCH_USER_PATHS = NO;
				ASSETCATALOG_COMPILER_GENERATE_SWIFT_ASSET_SYMBOL_EXTENSIONS = YES;
				CLANG_ANALYZER_NONNULL = YES;
				CLANG_ANALYZER_NUMBER_OBJECT_CONVERSION = YES_AGGRESSIVE;
				CLANG_CXX_LANGUAGE_STANDARD = "gnu++20";
				CLANG_ENABLE_MODULES = YES;
				CLANG_ENABLE_OBJC_ARC = YES;
				CLANG_ENABLE_OBJC_WEAK = YES;
				CLANG_WARN_BLOCK_CAPTURE_AUTORELEASING = YES;
				CLANG_WARN_BOOL_CONVERSION = YES;
				CLANG_WARN_COMMA = YES;
				CLANG_WARN_CONSTANT_CONVERSION = YES;
				CLANG_WARN_DEPRECATED_OBJC_IMPLEMENTATIONS = YES;
				CLANG_WARN_DIRECT_OBJC_ISA_USAGE = YES_ERROR;
				CLANG_WARN_DOCUMENTATION_COMMENTS = YES;
				CLANG_WARN_EMPTY_BODY = YES;
				CLANG_WARN_ENUM_CONVERSION = YES;
				CLANG_WARN_INFINITE_RECURSION = YES;
				CLANG_WARN_INT_CONVERSION = YES;
				CLANG_WARN_NON_LITERAL_NULL_CONVERSION = YES;
				CLANG_WARN_OBJC_IMPLICIT_RETAIN_SELF = YES;
				CLANG_WARN_OBJC_LITERAL_CONVERSION = YES;
				CLANG_WARN_OBJC_ROOT_CLASS = YES_ERROR;
				CLANG_WARN_QUOTED_INCLUDE_IN_FRAMEWORK_HEADER = YES;
				CLANG_WARN_RANGE_LOOP_ANALYSIS = YES;
				CLANG_WARN_STRICT_PROTOTYPES = YES;
				CLANG_WARN_SUSPICIOUS_MOVE = YES;
				CLANG_WARN_UNGUARDED_AVAILABILITY = YES_AGGRESSIVE;
				CLANG_WARN_UNREACHABLE_CODE = YES;
				CLANG_WARN__DUPLICATE_METHOD_MATCH = YES;
				COPY_PHASE_STRIP = NO;
				DEBUG_INFORMATION_FORMAT = dwarf;
				ENABLE_STRICT_OBJC_MSGSEND = YES;
				ENABLE_TESTABILITY = YES;
				ENABLE_USER_SCRIPT_SANDBOXING = YES;
				GCC_C_LANGUAGE_STANDARD = gnu17;
				GCC_DYNAMIC_NO_PIC = NO;
				GCC_NO_COMMON_BLOCKS = YES;
				GCC_OPTIMIZATION_LEVEL = 0;
				GCC_PREPROCESSOR_DEFINITIONS = (
					"DEBUG=1",
					"$(inherited)",
				);
				GCC_WARN_64_TO_32_BIT_CONVERSION = YES;
				GCC_WARN_ABOUT_RETURN_TYPE = YES_ERROR;
				GCC_WARN_UNDECLARED_SELECTOR = YES;
				GCC_WARN_UNINITIALIZED_AUTOS = YES_AGGRESSIVE;
				GCC_WARN_UNUSED_FUNCTION = YES;
				GCC_WARN_UNUSED_VARIABLE = YES;
				IPHONEOS_DEPLOYMENT_TARGET = 16.0;
				LOCALIZATION_PREFERS_STRING_CATALOGS = YES;
				MTL_ENABLE_DEBUG_INFO = INCLUDE_SOURCE;
				MTL_FAST_MATH = YES;
				ONLY_ACTIVE_ARCH = YES;
				SDKROOT = iphoneos;
				SWIFT_ACTIVE_COMPILATION_CONDITIONS = "DEBUG $(inherited)";
				SWIFT_OPTIMIZATION_LEVEL = "-Onone";
			};
			name = Debug;
		};
		0E79FB222FBAD5A5009A6E8E /* Release */ = {
			isa = XCBuildConfiguration;
			buildSettings = {
				ALWAYS_SEARCH_USER_PATHS = NO;
				ASSETCATALOG_COMPILER_GENERATE_SWIFT_ASSET_SYMBOL_EXTENSIONS = YES;
				CLANG_ANALYZER_NONNULL = YES;
				CLANG_ANALYZER_NUMBER_OBJECT_CONVERSION = YES_AGGRESSIVE;
				CLANG_CXX_LANGUAGE_STANDARD = "gnu++20";
				CLANG_ENABLE_MODULES = YES;
				CLANG_ENABLE_OBJC_ARC = YES;
				CLANG_ENABLE_OBJC_WEAK = YES;
				CLANG_WARN_BLOCK_CAPTURE_AUTORELEASING = YES;
				CLANG_WARN_BOOL_CONVERSION = YES;
				CLANG_WARN_COMMA = YES;
				CLANG_WARN_CONSTANT_CONVERSION = YES;
				CLANG_WARN_DEPRECATED_OBJC_IMPLEMENTATIONS = YES;
				CLANG_WARN_DIRECT_OBJC_ISA_USAGE = YES_ERROR;
				CLANG_WARN_DOCUMENTATION_COMMENTS = YES;
				CLANG_WARN_EMPTY_BODY = YES;
				CLANG_WARN_ENUM_CONVERSION = YES;
				CLANG_WARN_INFINITE_RECURSION = YES;
				CLANG_WARN_INT_CONVERSION = YES;
				CLANG_WARN_NON_LITERAL_NULL_CONVERSION = YES;
				CLANG_WARN_OBJC_IMPLICIT_RETAIN_SELF = YES;
				CLANG_WARN_OBJC_LITERAL_CONVERSION = YES;
				CLANG_WARN_OBJC_ROOT_CLASS = YES_ERROR;
				CLANG_WARN_QUOTED_INCLUDE_IN_FRAMEWORK_HEADER = YES;
				CLANG_WARN_RANGE_LOOP_ANALYSIS = YES;
				CLANG_WARN_STRICT_PROTOTYPES = YES;
				CLANG_WARN_SUSPICIOUS_MOVE = YES;
				CLANG_WARN_UNGUARDED_AVAILABILITY = YES_AGGRESSIVE;
				CLANG_WARN_UNREACHABLE_CODE = YES;
				CLANG_WARN__DUPLICATE_METHOD_MATCH = YES;
				COPY_PHASE_STRIP = NO;
				DEBUG_INFORMATION_FORMAT = "dwarf-with-dsym";
				ENABLE_NS_ASSERTIONS = NO;
				ENABLE_STRICT_OBJC_MSGSEND = YES;
				ENABLE_USER_SCRIPT_SANDBOXING = YES;
				GCC_C_LANGUAGE_STANDARD = gnu17;
				GCC_NO_COMMON_BLOCKS = YES;
				GCC_WARN_64_TO_32_BIT_CONVERSION = YES;
				GCC_WARN_ABOUT_RETURN_TYPE = YES_ERROR;
				GCC_WARN_UNDECLARED_SELECTOR = YES;
				GCC_WARN_UNINITIALIZED_AUTOS = YES_AGGRESSIVE;
				GCC_WARN_UNUSED_FUNCTION = YES;
				GCC_WARN_UNUSED_VARIABLE = YES;
				IPHONEOS_DEPLOYMENT_TARGET = 16.0;
				LOCALIZATION_PREFERS_STRING_CATALOGS = YES;
				MTL_ENABLE_DEBUG_INFO = NO;
				MTL_FAST_MATH = YES;
				SDKROOT = iphoneos;
				SWIFT_COMPILATION_MODE = wholemodule;
				VALIDATE_PRODUCT = YES;
			};
			name = Release;
		};
		0E79FB242FBAD5A5009A6E8E /* Debug */ = {
			isa = XCBuildConfiguration;
			buildSettings = {
				ASSETCATALOG_COMPILER_APPICON_NAME = AppIcon;
				ASSETCATALOG_COMPILER_GLOBAL_ACCENT_COLOR_NAME = AccentColor;
				CODE_SIGN_ENTITLEMENTS = MemoryInk/MemoryInk.entitlements;
				CODE_SIGN_IDENTITY = "Apple Development";
				CODE_SIGN_STYLE = Automatic;
				CURRENT_PROJECT_VERSION = 4;
				DEVELOPMENT_ASSET_PATHS = "\"MemoryInk/Preview Content\"";
				DEVELOPMENT_TEAM = SBVW5779XF;
				ENABLE_PREVIEWS = YES;
				GENERATE_INFOPLIST_FILE = YES;
				INFOPLIST_FILE = MemoryInk/Info.plist;
				INFOPLIST_KEY_ITSAppUsesNonExemptEncryption = NO;
				INFOPLIST_KEY_NSMicrophoneUsageDescription = "MemoryInk uses your microphone to record voice notes for your memories.";
				INFOPLIST_KEY_NSPhotoLibraryUsageDescription = "MemoryInk uses your photo library to add images to your memories.";
				INFOPLIST_KEY_RevenueCatAPIKey = "";
				INFOPLIST_KEY_UIApplicationSceneManifest_Generation = YES;
				INFOPLIST_KEY_UIApplicationSupportsIndirectInputEvents = YES;
				INFOPLIST_KEY_UILaunchScreen_Generation = YES;
				INFOPLIST_KEY_UIRequiresFullScreen = YES;
				INFOPLIST_KEY_UISupportedInterfaceOrientations = UIInterfaceOrientationPortrait;
				IPHONEOS_DEPLOYMENT_TARGET = 16.0;
				LD_RUNPATH_SEARCH_PATHS = (
					"$(inherited)",
					"@executable_path/Frameworks",
				);
				MARKETING_VERSION = 1.0;
				PRODUCT_BUNDLE_IDENTIFIER = com.memoryink.app;
				PRODUCT_NAME = "$(TARGET_NAME)";
				PROVISIONING_PROFILE_SPECIFIER = "";
				SUPPORTED_PLATFORMS = "iphoneos iphonesimulator";
				SUPPORTS_MACCATALYST = NO;
				SUPPORTS_MAC_DESIGNED_FOR_IPHONE_IPAD = NO;
				SUPPORTS_XR_DESIGNED_FOR_IPHONE_IPAD = NO;
				SWIFT_EMIT_LOC_STRINGS = YES;
				SWIFT_VERSION = 5.0;
				TARGETED_DEVICE_FAMILY = "1,2";
			};
			name = Debug;
		};
		0E79FB252FBAD5A5009A6E8E /* Release */ = {
			isa = XCBuildConfiguration;
			buildSettings = {
				ASSETCATALOG_COMPILER_APPICON_NAME = AppIcon;
				ASSETCATALOG_COMPILER_GLOBAL_ACCENT_COLOR_NAME = AccentColor;
				CODE_SIGN_ENTITLEMENTS = MemoryInk/MemoryInk.entitlements;
				CODE_SIGN_IDENTITY = "Apple Development";
				CODE_SIGN_STYLE = Automatic;
				CURRENT_PROJECT_VERSION = 4;
				DEVELOPMENT_ASSET_PATHS = "\"MemoryInk/Preview Content\"";
				DEVELOPMENT_TEAM = SBVW5779XF;
				ENABLE_PREVIEWS = YES;
				GENERATE_INFOPLIST_FILE = YES;
				INFOPLIST_FILE = MemoryInk/Info.plist;
				INFOPLIST_KEY_ITSAppUsesNonExemptEncryption = NO;
				INFOPLIST_KEY_NSMicrophoneUsageDescription = "MemoryInk uses your microphone to record voice notes for your memories.";
				INFOPLIST_KEY_NSPhotoLibraryUsageDescription = "MemoryInk uses your photo library to add images to your memories.";
				INFOPLIST_KEY_RevenueCatAPIKey = "";
				INFOPLIST_KEY_UIApplicationSceneManifest_Generation = YES;
				INFOPLIST_KEY_UIApplicationSupportsIndirectInputEvents = YES;
				INFOPLIST_KEY_UILaunchScreen_Generation = YES;
				INFOPLIST_KEY_UIRequiresFullScreen = YES;
				INFOPLIST_KEY_UISupportedInterfaceOrientations = UIInterfaceOrientationPortrait;
				IPHONEOS_DEPLOYMENT_TARGET = 16.0;
				LD_RUNPATH_SEARCH_PATHS = (
					"$(inherited)",
					"@executable_path/Frameworks",
				);
				MARKETING_VERSION = 1.0;
				PRODUCT_BUNDLE_IDENTIFIER = com.memoryink.app;
				PRODUCT_NAME = "$(TARGET_NAME)";
				PROVISIONING_PROFILE_SPECIFIER = "";
				SUPPORTED_PLATFORMS = "iphoneos iphonesimulator";
				SUPPORTS_MACCATALYST = NO;
				SUPPORTS_MAC_DESIGNED_FOR_IPHONE_IPAD = NO;
				SUPPORTS_XR_DESIGNED_FOR_IPHONE_IPAD = NO;
				SWIFT_EMIT_LOC_STRINGS = YES;
				SWIFT_VERSION = 5.0;
				TARGETED_DEVICE_FAMILY = "1,2";
			};
			name = Release;
		};
		AA0000000000000000000007 /* Debug */ = {
			isa = XCBuildConfiguration;
			buildSettings = {
				ASSETCATALOG_COMPILER_GLOBAL_ACCENT_COLOR_NAME = AccentColor;
				CODE_SIGN_ENTITLEMENTS = MemoryInkWidget/MemoryInkWidget.entitlements;
				CODE_SIGN_STYLE = Automatic;
				CURRENT_PROJECT_VERSION = 4;
				DEVELOPMENT_TEAM = SBVW5779XF;
				GENERATE_INFOPLIST_FILE = YES;
				INFOPLIST_FILE = MemoryInkWidget/Info.plist;
				INFOPLIST_KEY_CFBundleDisplayName = MemoryInk;
				IPHONEOS_DEPLOYMENT_TARGET = 16.0;
				LD_RUNPATH_SEARCH_PATHS = (
					"$(inherited)",
					"@executable_path/Frameworks",
					"@executable_path/../../Frameworks",
				);
				MARKETING_VERSION = 1.0;
				PRODUCT_BUNDLE_IDENTIFIER = com.memoryink.app.MemoryInkWidget;
				PRODUCT_NAME = "$(TARGET_NAME)";
				SKIP_INSTALL = YES;
				SWIFT_EMIT_LOC_STRINGS = YES;
				SWIFT_OPTIMIZATION_LEVEL = "-Onone";
				SWIFT_VERSION = 5.0;
				TARGETED_DEVICE_FAMILY = "1,2";
			};
			name = Debug;
		};
		AA0000000000000000000008 /* Release */ = {
			isa = XCBuildConfiguration;
			buildSettings = {
				ASSETCATALOG_COMPILER_GLOBAL_ACCENT_COLOR_NAME = AccentColor;
				CODE_SIGN_ENTITLEMENTS = MemoryInkWidget/MemoryInkWidget.entitlements;
				CODE_SIGN_STYLE = Automatic;
				CURRENT_PROJECT_VERSION = 4;
				DEVELOPMENT_TEAM = SBVW5779XF;
				GENERATE_INFOPLIST_FILE = YES;
				INFOPLIST_FILE = MemoryInkWidget/Info.plist;
				INFOPLIST_KEY_CFBundleDisplayName = MemoryInk;
				IPHONEOS_DEPLOYMENT_TARGET = 16.0;
				LD_RUNPATH_SEARCH_PATHS = (
					"$(inherited)",
					"@executable_path/Frameworks",
					"@executable_path/../../Frameworks",
				);
				MARKETING_VERSION = 1.0;
				PRODUCT_BUNDLE_IDENTIFIER = com.memoryink.app.MemoryInkWidget;
				PRODUCT_NAME = "$(TARGET_NAME)";
				SKIP_INSTALL = YES;
				SWIFT_EMIT_LOC_STRINGS = YES;
				SWIFT_OPTIMIZATION_LEVEL = "-O";
				SWIFT_VERSION = 5.0;
				TARGETED_DEVICE_FAMILY = "1,2";
			};
			name = Release;
		};
/* End XCBuildConfiguration section */

/* Begin XCConfigurationList section */
		0E79FB102FBAD5A4009A6E8E /* Build configuration list for PBXProject "MemoryInk" */ = {
			isa = XCConfigurationList;
			buildConfigurations = (
				0E79FB212FBAD5A5009A6E8E /* Debug */,
				0E79FB222FBAD5A5009A6E8E /* Release */,
			);
			defaultConfigurationIsVisible = 0;
			defaultConfigurationName = Release;
		};
		0E79FB232FBAD5A5009A6E8E /* Build configuration list for PBXNativeTarget "MemoryInk" */ = {
			isa = XCConfigurationList;
			buildConfigurations = (
				0E79FB242FBAD5A5009A6E8E /* Debug */,
				0E79FB252FBAD5A5009A6E8E /* Release */,
			);
			defaultConfigurationIsVisible = 0;
			defaultConfigurationName = Release;
		};
		AA0000000000000000000009 /* Build configuration list for PBXNativeTarget "MemoryInkWidget" */ = {
			isa = XCConfigurationList;
			buildConfigurations = (
				AA0000000000000000000007 /* Debug */,
				AA0000000000000000000008 /* Release */,
			);
			defaultConfigurationIsVisible = 0;
			defaultConfigurationName = Release;
		};
/* End XCConfigurationList section */

/* Begin XCRemoteSwiftPackageReference section */
		0E79FF022FBE0001009A6E8E /* XCRemoteSwiftPackageReference "purchases-ios-spm" */ = {
			isa = XCRemoteSwiftPackageReference;
			repositoryURL = "https://github.com/RevenueCat/purchases-ios-spm.git";
			requirement = {
				kind = upToNextMajorVersion;
				minimumVersion = 5.72.0;
			};
		};
/* End XCRemoteSwiftPackageReference section */

/* Begin XCSwiftPackageProductDependency section */
		0E79FF002FBE0001009A6E8E /* RevenueCat */ = {
			isa = XCSwiftPackageProductDependency;
			package = 0E79FF022FBE0001009A6E8E /* XCRemoteSwiftPackageReference "purchases-ios-spm" */;
			productName = RevenueCat;
		};
/* End XCSwiftPackageProductDependency section */
	};
	rootObject = 0E79FB0D2FBAD5A4009A6E8E /* Project object */;
}
